{
  "name": "elixir-learning-app-assets",
  "version": "1.0.0",
  "lockfileVersion": 3,
  "requires": true,
  "packages": {
    "": {
      "name": "elixir-learning-app-assets",
      "version": "1.0.0",
      "dependencies": {
        "monaco-editor": "^0.45.0",
        "topbar": "^2.0.0"
      },
      "devDependencies": {},
      "engines": {
        "node": ">=16.0.0",
        "npm": ">=8.0.0"
      }
    },
    "node_modules/monaco-editor": {
      "version": "0.45.0",
      "resolved": "https://registry.npmjs.org/monaco-editor/-/monaco-editor-0.45.0.tgz",
      "integrity": "sha512-mjv1G1ZzfEE3k9HZN0dQ2olMdwIfaeAAjFiwNprLfYNRSz7ctv9XuCT7gPtBGrMUeV1/iZzYKj17Khu1hxoHOA==",
      "license": "MIT"
    },
    "node_modules/topbar": {
      "version": "2.0.2",
      "resolved": "https://registry.npmjs.org/topbar/-/topbar-2.0.2.tgz",
      "integrity": "sha512-hCKoSaWxXqGIgjag8rIVajysE41as7ti5z9GDO5rcx2zmII1/rY5zvO9IgKwbf50HL82EzlimL6OmPYPUgbpEw==",
      "license": "MIT"
    }
  }
}
